
Microsoft Visual Studio Solution File, Format Version 12.00
# Visual Studio 15
VisualStudioVersion = 15.0.28307.136
MinimumVisualStudioVersion = 10.0.40219.1
Project("{FAE04EC0-301F-11D3-BF4B-00C04F79EFBC}") = "FF8", "FF8\FF8.csproj", "{E23A12F6-73DC-4933-903B-2DC0765ED19B}"
EndProject
Project("{2150E333-8FDC-42A3-9474-1A3956D46DE8}") = "Solution Items", "Solution Items", "{E7D18589-9CDA-4F6B-AB1B-A7FB7939C3D7}"
	ProjectSection(SolutionItems) = preProject
		.gitignore = .gitignore
		README.md = README.md
	EndProjectSection
EndProject
Project("{FAE04EC0-301F-11D3-BF4B-00C04F79EFBC}") = "FF8.JSM", "FF8.JSM\FF8.JSM.csproj", "{53DB839C-7756-42EC-BF88-C02AB0EFD6A9}"
EndProject
Project("{FAE04EC0-301F-11D3-BF4B-00C04F79EFBC}") = "FF8.Core", "FF8.Core\FF8.Core.csproj", "{1D745740-720F-467C-98BD-AD15FC13923E}"
EndProject
Project("{FAE04EC0-301F-11D3-BF4B-00C04F79EFBC}") = "FF8.Encoding", "FF8.Encoding\FF8.Encoding.csproj", "{A9B33BF4-9B03-4E3D-BF6A-181521046EE8}"
EndProject
Project("{FAE04EC0-301F-11D3-BF4B-00C04F79EFBC}") = "FF8.Fields", "FF8.Fields\FF8.Fields.csproj", "{9FB98CE3-6379-4EE7-9A50-0969F73BDC06}"
EndProject
Project("{FAE04EC0-301F-11D3-BF4B-00C04F79EFBC}") = "FF8.Framework", "FF8.Framework\FF8.Framework.csproj", "{AA28CE0D-1A26-47DE-B00D-7A085308AEF3}"
EndProject
Project("{FAE04EC0-301F-11D3-BF4B-00C04F79EFBC}") = "FF8.MSD", "FF8.MSD\FF8.MSD.csproj", "{E32FFC84-1A34-4B0E-90CF-11CFE4C6D1C0}"
EndProject
Project("{FAE04EC0-301F-11D3-BF4B-00C04F79EFBC}") = "FF8.ScriptFormatter", "FF8.ScriptFormatter\FF8.ScriptFormatter.csproj", "{D20FB2FF-A27E-4932-AEFB-FDE54E033A82}"
EndProject
Project("{FAE04EC0-301F-11D3-BF4B-00C04F79EFBC}") = "FF8.SYM", "FF8.SYM\FF8.SYM.csproj", "{1EACEA33-B551-4FC3-86AD-5A40CA03C06B}"
EndProject
Global
	GlobalSection(SolutionConfigurationPlatforms) = preSolution
		DebugLinux|Any CPU = DebugLinux|Any CPU
		DebugLinux|x64 = DebugLinux|x64
		DebugLinux|x86 = DebugLinux|x86
		DebugWindows|Any CPU = DebugWindows|Any CPU
		DebugWindows|x64 = DebugWindows|x64
		DebugWindows|x86 = DebugWindows|x86
	EndGlobalSection
	GlobalSection(ProjectConfigurationPlatforms) = postSolution
		{E23A12F6-73DC-4933-903B-2DC0765ED19B}.DebugLinux|Any CPU.ActiveCfg = DebugLinux|x86
		{E23A12F6-73DC-4933-903B-2DC0765ED19B}.DebugLinux|Any CPU.Build.0 = DebugLinux|x86
		{E23A12F6-73DC-4933-903B-2DC0765ED19B}.DebugLinux|x64.ActiveCfg = DebugLinux|x64
		{E23A12F6-73DC-4933-903B-2DC0765ED19B}.DebugLinux|x64.Build.0 = DebugLinux|x64
		{E23A12F6-73DC-4933-903B-2DC0765ED19B}.DebugLinux|x86.ActiveCfg = DebugLinux|x86
		{E23A12F6-73DC-4933-903B-2DC0765ED19B}.DebugLinux|x86.Build.0 = DebugLinux|x86
		{E23A12F6-73DC-4933-903B-2DC0765ED19B}.DebugWindows|Any CPU.ActiveCfg = DebugWindows|x64
		{E23A12F6-73DC-4933-903B-2DC0765ED19B}.DebugWindows|Any CPU.Build.0 = DebugWindows|x64
		{E23A12F6-73DC-4933-903B-2DC0765ED19B}.DebugWindows|x64.ActiveCfg = DebugWindows|x64
		{E23A12F6-73DC-4933-903B-2DC0765ED19B}.DebugWindows|x64.Build.0 = DebugWindows|x64
		{E23A12F6-73DC-4933-903B-2DC0765ED19B}.DebugWindows|x86.ActiveCfg = DebugWindows|x86
		{E23A12F6-73DC-4933-903B-2DC0765ED19B}.DebugWindows|x86.Build.0 = DebugWindows|x86
		{53DB839C-7756-42EC-BF88-C02AB0EFD6A9}.DebugLinux|Any CPU.ActiveCfg = Debug|Any CPU
		{53DB839C-7756-42EC-BF88-C02AB0EFD6A9}.DebugLinux|Any CPU.Build.0 = Debug|Any CPU
		{53DB839C-7756-42EC-BF88-C02AB0EFD6A9}.DebugLinux|x64.ActiveCfg = Debug|Any CPU
		{53DB839C-7756-42EC-BF88-C02AB0EFD6A9}.DebugLinux|x64.Build.0 = Debug|Any CPU
		{53DB839C-7756-42EC-BF88-C02AB0EFD6A9}.DebugLinux|x86.ActiveCfg = Debug|Any CPU
		{53DB839C-7756-42EC-BF88-C02AB0EFD6A9}.DebugLinux|x86.Build.0 = Debug|Any CPU
		{53DB839C-7756-42EC-BF88-C02AB0EFD6A9}.DebugWindows|Any CPU.ActiveCfg = Debug|Any CPU
		{53DB839C-7756-42EC-BF88-C02AB0EFD6A9}.DebugWindows|Any CPU.Build.0 = Debug|Any CPU
		{53DB839C-7756-42EC-BF88-C02AB0EFD6A9}.DebugWindows|x64.ActiveCfg = Debug|Any CPU
		{53DB839C-7756-42EC-BF88-C02AB0EFD6A9}.DebugWindows|x64.Build.0 = Debug|Any CPU
		{53DB839C-7756-42EC-BF88-C02AB0EFD6A9}.DebugWindows|x86.ActiveCfg = Debug|Any CPU
		{53DB839C-7756-42EC-BF88-C02AB0EFD6A9}.DebugWindows|x86.Build.0 = Debug|Any CPU
		{1D745740-720F-467C-98BD-AD15FC13923E}.DebugLinux|Any CPU.ActiveCfg = Debug|Any CPU
		{1D745740-720F-467C-98BD-AD15FC13923E}.DebugLinux|Any CPU.Build.0 = Debug|Any CPU
		{1D745740-720F-467C-98BD-AD15FC13923E}.DebugLinux|x64.ActiveCfg = Debug|Any CPU
		{1D745740-720F-467C-98BD-AD15FC13923E}.DebugLinux|x64.Build.0 = Debug|Any CPU
		{1D745740-720F-467C-98BD-AD15FC13923E}.DebugLinux|x86.ActiveCfg = Debug|Any CPU
		{1D745740-720F-467C-98BD-AD15FC13923E}.DebugLinux|x86.Build.0 = Debug|Any CPU
		{1D745740-720F-467C-98BD-AD15FC13923E}.DebugWindows|Any CPU.ActiveCfg = Debug|Any CPU
		{1D745740-720F-467C-98BD-AD15FC13923E}.DebugWindows|Any CPU.Build.0 = Debug|Any CPU
		{1D745740-720F-467C-98BD-AD15FC13923E}.DebugWindows|x64.ActiveCfg = Debug|Any CPU
		{1D745740-720F-467C-98BD-AD15FC13923E}.DebugWindows|x64.Build.0 = Debug|Any CPU
		{1D745740-720F-467C-98BD-AD15FC13923E}.DebugWindows|x86.ActiveCfg = Debug|Any CPU
		{1D745740-720F-467C-98BD-AD15FC13923E}.DebugWindows|x86.Build.0 = Debug|Any CPU
		{A9B33BF4-9B03-4E3D-BF6A-181521046EE8}.DebugLinux|Any CPU.ActiveCfg = Debug|Any CPU
		{A9B33BF4-9B03-4E3D-BF6A-181521046EE8}.DebugLinux|Any CPU.Build.0 = Debug|Any CPU
		{A9B33BF4-9B03-4E3D-BF6A-181521046EE8}.DebugLinux|x64.ActiveCfg = Debug|Any CPU
		{A9B33BF4-9B03-4E3D-BF6A-181521046EE8}.DebugLinux|x64.Build.0 = Debug|Any CPU
		{A9B33BF4-9B03-4E3D-BF6A-181521046EE8}.DebugLinux|x86.ActiveCfg = Debug|Any CPU
		{A9B33BF4-9B03-4E3D-BF6A-181521046EE8}.DebugLinux|x86.Build.0 = Debug|Any CPU
		{A9B33BF4-9B03-4E3D-BF6A-181521046EE8}.DebugWindows|Any CPU.ActiveCfg = Debug|Any CPU
		{A9B33BF4-9B03-4E3D-BF6A-181521046EE8}.DebugWindows|Any CPU.Build.0 = Debug|Any CPU
		{A9B33BF4-9B03-4E3D-BF6A-181521046EE8}.DebugWindows|x64.ActiveCfg = Debug|Any CPU
		{A9B33BF4-9B03-4E3D-BF6A-181521046EE8}.DebugWindows|x64.Build.0 = Debug|Any CPU
		{A9B33BF4-9B03-4E3D-BF6A-181521046EE8}.DebugWindows|x86.ActiveCfg = Debug|Any CPU
		{A9B33BF4-9B03-4E3D-BF6A-181521046EE8}.DebugWindows|x86.Build.0 = Debug|Any CPU
		{9FB98CE3-6379-4EE7-9A50-0969F73BDC06}.DebugLinux|Any CPU.ActiveCfg = Debug|Any CPU
		{9FB98CE3-6379-4EE7-9A50-0969F73BDC06}.DebugLinux|Any CPU.Build.0 = Debug|Any CPU
		{9FB98CE3-6379-4EE7-9A50-0969F73BDC06}.DebugLinux|x64.ActiveCfg = Debug|Any CPU
		{9FB98CE3-6379-4EE7-9A50-0969F73BDC06}.DebugLinux|x64.Build.0 = Debug|Any CPU
		{9FB98CE3-6379-4EE7-9A50-0969F73BDC06}.DebugLinux|x86.ActiveCfg = Debug|Any CPU
		{9FB98CE3-6379-4EE7-9A50-0969F73BDC06}.DebugLinux|x86.Build.0 = Debug|Any CPU
		{9FB98CE3-6379-4EE7-9A50-0969F73BDC06}.DebugWindows|Any CPU.ActiveCfg = Debug|Any CPU
		{9FB98CE3-6379-4EE7-9A50-0969F73BDC06}.DebugWindows|Any CPU.Build.0 = Debug|Any CPU
		{9FB98CE3-6379-4EE7-9A50-0969F73BDC06}.DebugWindows|x64.ActiveCfg = Debug|Any CPU
		{9FB98CE3-6379-4EE7-9A50-0969F73BDC06}.DebugWindows|x64.Build.0 = Debug|Any CPU
		{9FB98CE3-6379-4EE7-9A50-0969F73BDC06}.DebugWindows|x86.ActiveCfg = Debug|Any CPU
		{9FB98CE3-6379-4EE7-9A50-0969F73BDC06}.DebugWindows|x86.Build.0 = Debug|Any CPU
		{AA28CE0D-1A26-47DE-B00D-7A085308AEF3}.DebugLinux|Any CPU.ActiveCfg = Debug|Any CPU
		{AA28CE0D-1A26-47DE-B00D-7A085308AEF3}.DebugLinux|Any CPU.Build.0 = Debug|Any CPU
		{AA28CE0D-1A26-47DE-B00D-7A085308AEF3}.DebugLinux|x64.ActiveCfg = Debug|Any CPU
		{AA28CE0D-1A26-47DE-B00D-7A085308AEF3}.DebugLinux|x64.Build.0 = Debug|Any CPU
		{AA28CE0D-1A26-47DE-B00D-7A085308AEF3}.DebugLinux|x86.ActiveCfg = Debug|Any CPU
		{AA28CE0D-1A26-47DE-B00D-7A085308AEF3}.DebugLinux|x86.Build.0 = Debug|Any CPU
		{AA28CE0D-1A26-47DE-B00D-7A085308AEF3}.DebugWindows|Any CPU.ActiveCfg = Debug|Any CPU
		{AA28CE0D-1A26-47DE-B00D-7A085308AEF3}.DebugWindows|Any CPU.Build.0 = Debug|Any CPU
		{AA28CE0D-1A26-47DE-B00D-7A085308AEF3}.DebugWindows|x64.ActiveCfg = Debug|Any CPU
		{AA28CE0D-1A26-47DE-B00D-7A085308AEF3}.DebugWindows|x64.Build.0 = Debug|Any CPU
		{AA28CE0D-1A26-47DE-B00D-7A085308AEF3}.DebugWindows|x86.ActiveCfg = Debug|Any CPU
		{AA28CE0D-1A26-47DE-B00D-7A085308AEF3}.DebugWindows|x86.Build.0 = Debug|Any CPU
		{E32FFC84-1A34-4B0E-90CF-11CFE4C6D1C0}.DebugLinux|Any CPU.ActiveCfg = Debug|Any CPU
		{E32FFC84-1A34-4B0E-90CF-11CFE4C6D1C0}.DebugLinux|Any CPU.Build.0 = Debug|Any CPU
		{E32FFC84-1A34-4B0E-90CF-11CFE4C6D1C0}.DebugLinux|x64.ActiveCfg = Debug|Any CPU
		{E32FFC84-1A34-4B0E-90CF-11CFE4C6D1C0}.DebugLinux|x64.Build.0 = Debug|Any CPU
		{E32FFC84-1A34-4B0E-90CF-11CFE4C6D1C0}.DebugLinux|x86.ActiveCfg = Debug|Any CPU
		{E32FFC84-1A34-4B0E-90CF-11CFE4C6D1C0}.DebugLinux|x86.Build.0 = Debug|Any CPU
		{E32FFC84-1A34-4B0E-90CF-11CFE4C6D1C0}.DebugWindows|Any CPU.ActiveCfg = Debug|Any CPU
		{E32FFC84-1A34-4B0E-90CF-11CFE4C6D1C0}.DebugWindows|Any CPU.Build.0 = Debug|Any CPU
		{E32FFC84-1A34-4B0E-90CF-11CFE4C6D1C0}.DebugWindows|x64.ActiveCfg = Debug|Any CPU
		{E32FFC84-1A34-4B0E-90CF-11CFE4C6D1C0}.DebugWindows|x64.Build.0 = Debug|Any CPU
		{E32FFC84-1A34-4B0E-90CF-11CFE4C6D1C0}.DebugWindows|x86.ActiveCfg = Debug|Any CPU
		{E32FFC84-1A34-4B0E-90CF-11CFE4C6D1C0}.DebugWindows|x86.Build.0 = Debug|Any CPU
		{D20FB2FF-A27E-4932-AEFB-FDE54E033A82}.DebugLinux|Any CPU.ActiveCfg = Debug|Any CPU
		{D20FB2FF-A27E-4932-AEFB-FDE54E033A82}.DebugLinux|Any CPU.Build.0 = Debug|Any CPU
		{D20FB2FF-A27E-4932-AEFB-FDE54E033A82}.DebugLinux|x64.ActiveCfg = Debug|Any CPU
		{D20FB2FF-A27E-4932-AEFB-FDE54E033A82}.DebugLinux|x64.Build.0 = Debug|Any CPU
		{D20FB2FF-A27E-4932-AEFB-FDE54E033A82}.DebugLinux|x86.ActiveCfg = Debug|Any CPU
		{D20FB2FF-A27E-4932-AEFB-FDE54E033A82}.DebugLinux|x86.Build.0 = Debug|Any CPU
		{D20FB2FF-A27E-4932-AEFB-FDE54E033A82}.DebugWindows|Any CPU.ActiveCfg = Debug|Any CPU
		{D20FB2FF-A27E-4932-AEFB-FDE54E033A82}.DebugWindows|Any CPU.Build.0 = Debug|Any CPU
		{D20FB2FF-A27E-4932-AEFB-FDE54E033A82}.DebugWindows|x64.ActiveCfg = Debug|Any CPU
		{D20FB2FF-A27E-4932-AEFB-FDE54E033A82}.DebugWindows|x64.Build.0 = Debug|Any CPU
		{D20FB2FF-A27E-4932-AEFB-FDE54E033A82}.DebugWindows|x86.ActiveCfg = Debug|Any CPU
		{D20FB2FF-A27E-4932-AEFB-FDE54E033A82}.DebugWindows|x86.Build.0 = Debug|Any CPU
		{1EACEA33-B551-4FC3-86AD-5A40CA03C06B}.DebugLinux|Any CPU.ActiveCfg = Debug|Any CPU
		{1EACEA33-B551-4FC3-86AD-5A40CA03C06B}.DebugLinux|Any CPU.Build.0 = Debug|Any CPU
		{1EACEA33-B551-4FC3-86AD-5A40CA03C06B}.DebugLinux|x64.ActiveCfg = Debug|Any CPU
		{1EACEA33-B551-4FC3-86AD-5A40CA03C06B}.DebugLinux|x64.Build.0 = Debug|Any CPU
		{1EACEA33-B551-4FC3-86AD-5A40CA03C06B}.DebugLinux|x86.ActiveCfg = Debug|Any CPU
		{1EACEA33-B551-4FC3-86AD-5A40CA03C06B}.DebugLinux|x86.Build.0 = Debug|Any CPU
		{1EACEA33-B551-4FC3-86AD-5A40CA03C06B}.DebugWindows|Any CPU.ActiveCfg = Debug|Any CPU
		{1EACEA33-B551-4FC3-86AD-5A40CA03C06B}.DebugWindows|Any CPU.Build.0 = Debug|Any CPU
		{1EACEA33-B551-4FC3-86AD-5A40CA03C06B}.DebugWindows|x64.ActiveCfg = Debug|Any CPU
		{1EACEA33-B551-4FC3-86AD-5A40CA03C06B}.DebugWindows|x64.Build.0 = Debug|Any CPU
		{1EACEA33-B551-4FC3-86AD-5A40CA03C06B}.DebugWindows|x86.ActiveCfg = Debug|Any CPU
		{1EACEA33-B551-4FC3-86AD-5A40CA03C06B}.DebugWindows|x86.Build.0 = Debug|Any CPU
	EndGlobalSection
	GlobalSection(SolutionProperties) = preSolution
		HideSolutionNode = FALSE
	EndGlobalSection
	GlobalSection(ExtensibilityGlobals) = postSolution
		SolutionGuid = {2799A2A4-25AE-4BF3-9F40-46C4F5F9780B}
	EndGlobalSection
EndGlobal
