
Microsoft Visual Studio Solution File, Format Version 12.00
# Visual Studio 15
VisualStudioVersion = 15.0.28307.136
MinimumVisualStudioVersion = 10.0.40219.1
Project("{2150E333-8FDC-42A3-9474-1A3956D46DE8}") = "Solution Items", "Solution Items", "{E7D18589-9CDA-4F6B-AB1B-A7FB7939C3D7}"
	ProjectSection(SolutionItems) = preProject
		.gitignore = .gitignore
		README.md = README.md
	EndProjectSection
EndProject
Project("{FAE04EC0-301F-11D3-BF4B-00C04F79EFBC}") = "OpenVIII.Core", "Core\OpenVIII.Core.csproj", "{A5408515-75B8-4EEA-8E9F-2C9CD7B56E59}"
EndProject
Project("{FAE04EC0-301F-11D3-BF4B-00C04F79EFBC}") = "OpenVIII.OpenGL", "OpenVIII.OpenGL\OpenVIII.OpenGL.csproj", "{93A41F27-128E-477D-8730-9890E9E47BDD}"
EndProject
Project("{FAE04EC0-301F-11D3-BF4B-00C04F79EFBC}") = "OpenVIII.Test", "OpenVIII.Test\OpenVIII.Test.csproj", "{FB782E67-C1C0-4230-9BC7-131782757651}"
EndProject
Project("{FAE04EC0-301F-11D3-BF4B-00C04F79EFBC}") = "OpenVIII.Encoding", "OpenVIII.Encoding\OpenVIII.Encoding.csproj", "{A9B33BF4-9B03-4E3D-BF6A-181521046EE8}"
EndProject
Project("{FAE04EC0-301F-11D3-BF4B-00C04F79EFBC}") = "OpenVIII.DirectX", "OpenVIII.DirectX\OpenVIII.DirectX.csproj", "{367554A1-C938-4120-BB24-54175FB0DF22}"
EndProject
Global
	GlobalSection(SolutionConfigurationPlatforms) = preSolution
		Debug|Any CPU = Debug|Any CPU
		Debug|x64 = Debug|x64
		Debug|x86 = Debug|x86
		DebugLinux|Any CPU = DebugLinux|Any CPU
		DebugLinux|x64 = DebugLinux|x64
		DebugLinux|x86 = DebugLinux|x86
		DebugWindows|Any CPU = DebugWindows|Any CPU
		DebugWindows|x64 = DebugWindows|x64
		DebugWindows|x86 = DebugWindows|x86
		Release|Any CPU = Release|Any CPU
		Release|x64 = Release|x64
		Release|x86 = Release|x86
		ReleaseLinux|Any CPU = ReleaseLinux|Any CPU
		ReleaseLinux|x64 = ReleaseLinux|x64
		ReleaseLinux|x86 = ReleaseLinux|x86
		ReleaseWindows|Any CPU = ReleaseWindows|Any CPU
		ReleaseWindows|x64 = ReleaseWindows|x64
		ReleaseWindows|x86 = ReleaseWindows|x86
	EndGlobalSection
	GlobalSection(ProjectConfigurationPlatforms) = postSolution
		{A5408515-75B8-4EEA-8E9F-2C9CD7B56E59}.Debug|Any CPU.ActiveCfg = Debug|Any CPU
		{A5408515-75B8-4EEA-8E9F-2C9CD7B56E59}.Debug|Any CPU.Build.0 = Debug|Any CPU
		{A5408515-75B8-4EEA-8E9F-2C9CD7B56E59}.Debug|x64.ActiveCfg = Debug|Any CPU
		{A5408515-75B8-4EEA-8E9F-2C9CD7B56E59}.Debug|x64.Build.0 = Debug|Any CPU
		{A5408515-75B8-4EEA-8E9F-2C9CD7B56E59}.Debug|x86.ActiveCfg = Debug|Any CPU
		{A5408515-75B8-4EEA-8E9F-2C9CD7B56E59}.Debug|x86.Build.0 = Debug|Any CPU
		{A5408515-75B8-4EEA-8E9F-2C9CD7B56E59}.DebugLinux|Any CPU.ActiveCfg = Debug|Any CPU
		{A5408515-75B8-4EEA-8E9F-2C9CD7B56E59}.DebugLinux|Any CPU.Build.0 = Debug|Any CPU
		{A5408515-75B8-4EEA-8E9F-2C9CD7B56E59}.DebugLinux|x64.ActiveCfg = Debug|Any CPU
		{A5408515-75B8-4EEA-8E9F-2C9CD7B56E59}.DebugLinux|x64.Build.0 = Debug|Any CPU
		{A5408515-75B8-4EEA-8E9F-2C9CD7B56E59}.DebugLinux|x86.ActiveCfg = Debug|Any CPU
		{A5408515-75B8-4EEA-8E9F-2C9CD7B56E59}.DebugLinux|x86.Build.0 = Debug|Any CPU
		{A5408515-75B8-4EEA-8E9F-2C9CD7B56E59}.DebugWindows|Any CPU.ActiveCfg = Debug|Any CPU
		{A5408515-75B8-4EEA-8E9F-2C9CD7B56E59}.DebugWindows|Any CPU.Build.0 = Debug|Any CPU
		{A5408515-75B8-4EEA-8E9F-2C9CD7B56E59}.DebugWindows|x64.ActiveCfg = Debug|Any CPU
		{A5408515-75B8-4EEA-8E9F-2C9CD7B56E59}.DebugWindows|x64.Build.0 = Debug|Any CPU
		{A5408515-75B8-4EEA-8E9F-2C9CD7B56E59}.DebugWindows|x86.ActiveCfg = Debug|Any CPU
		{A5408515-75B8-4EEA-8E9F-2C9CD7B56E59}.DebugWindows|x86.Build.0 = Debug|Any CPU
		{A5408515-75B8-4EEA-8E9F-2C9CD7B56E59}.Release|Any CPU.ActiveCfg = Release|Any CPU
		{A5408515-75B8-4EEA-8E9F-2C9CD7B56E59}.Release|Any CPU.Build.0 = Release|Any CPU
		{A5408515-75B8-4EEA-8E9F-2C9CD7B56E59}.Release|x64.ActiveCfg = Release|Any CPU
		{A5408515-75B8-4EEA-8E9F-2C9CD7B56E59}.Release|x64.Build.0 = Release|Any CPU
		{A5408515-75B8-4EEA-8E9F-2C9CD7B56E59}.Release|x86.ActiveCfg = Release|Any CPU
		{A5408515-75B8-4EEA-8E9F-2C9CD7B56E59}.Release|x86.Build.0 = Release|Any CPU
		{A5408515-75B8-4EEA-8E9F-2C9CD7B56E59}.ReleaseLinux|Any CPU.ActiveCfg = Release|Any CPU
		{A5408515-75B8-4EEA-8E9F-2C9CD7B56E59}.ReleaseLinux|Any CPU.Build.0 = Release|Any CPU
		{A5408515-75B8-4EEA-8E9F-2C9CD7B56E59}.ReleaseLinux|x64.ActiveCfg = Release|Any CPU
		{A5408515-75B8-4EEA-8E9F-2C9CD7B56E59}.ReleaseLinux|x64.Build.0 = Release|Any CPU
		{A5408515-75B8-4EEA-8E9F-2C9CD7B56E59}.ReleaseLinux|x86.ActiveCfg = Release|Any CPU
		{A5408515-75B8-4EEA-8E9F-2C9CD7B56E59}.ReleaseLinux|x86.Build.0 = Release|Any CPU
		{A5408515-75B8-4EEA-8E9F-2C9CD7B56E59}.ReleaseWindows|Any CPU.ActiveCfg = Release|Any CPU
		{A5408515-75B8-4EEA-8E9F-2C9CD7B56E59}.ReleaseWindows|Any CPU.Build.0 = Release|Any CPU
		{A5408515-75B8-4EEA-8E9F-2C9CD7B56E59}.ReleaseWindows|x64.ActiveCfg = Release|Any CPU
		{A5408515-75B8-4EEA-8E9F-2C9CD7B56E59}.ReleaseWindows|x64.Build.0 = Release|Any CPU
		{A5408515-75B8-4EEA-8E9F-2C9CD7B56E59}.ReleaseWindows|x86.ActiveCfg = Release|Any CPU
		{A5408515-75B8-4EEA-8E9F-2C9CD7B56E59}.ReleaseWindows|x86.Build.0 = Release|Any CPU
		{93A41F27-128E-477D-8730-9890E9E47BDD}.Debug|Any CPU.ActiveCfg = Debug|Any CPU
		{93A41F27-128E-477D-8730-9890E9E47BDD}.Debug|Any CPU.Build.0 = Debug|Any CPU
		{93A41F27-128E-477D-8730-9890E9E47BDD}.Debug|x64.ActiveCfg = Debug|Any CPU
		{93A41F27-128E-477D-8730-9890E9E47BDD}.Debug|x64.Build.0 = Debug|Any CPU
		{93A41F27-128E-477D-8730-9890E9E47BDD}.Debug|x86.ActiveCfg = Debug|Any CPU
		{93A41F27-128E-477D-8730-9890E9E47BDD}.Debug|x86.Build.0 = Debug|Any CPU
		{93A41F27-128E-477D-8730-9890E9E47BDD}.DebugLinux|Any CPU.ActiveCfg = Debug|Any CPU
		{93A41F27-128E-477D-8730-9890E9E47BDD}.DebugLinux|Any CPU.Build.0 = Debug|Any CPU
		{93A41F27-128E-477D-8730-9890E9E47BDD}.DebugLinux|x64.ActiveCfg = Debug|Any CPU
		{93A41F27-128E-477D-8730-9890E9E47BDD}.DebugLinux|x64.Build.0 = Debug|Any CPU
		{93A41F27-128E-477D-8730-9890E9E47BDD}.DebugLinux|x86.ActiveCfg = Debug|Any CPU
		{93A41F27-128E-477D-8730-9890E9E47BDD}.DebugLinux|x86.Build.0 = Debug|Any CPU
		{93A41F27-128E-477D-8730-9890E9E47BDD}.DebugWindows|Any CPU.ActiveCfg = Debug|Any CPU
		{93A41F27-128E-477D-8730-9890E9E47BDD}.DebugWindows|Any CPU.Build.0 = Debug|Any CPU
		{93A41F27-128E-477D-8730-9890E9E47BDD}.DebugWindows|x64.ActiveCfg = Debug|Any CPU
		{93A41F27-128E-477D-8730-9890E9E47BDD}.DebugWindows|x64.Build.0 = Debug|Any CPU
		{93A41F27-128E-477D-8730-9890E9E47BDD}.DebugWindows|x86.ActiveCfg = Debug|Any CPU
		{93A41F27-128E-477D-8730-9890E9E47BDD}.DebugWindows|x86.Build.0 = Debug|Any CPU
		{93A41F27-128E-477D-8730-9890E9E47BDD}.Release|Any CPU.ActiveCfg = Release|Any CPU
		{93A41F27-128E-477D-8730-9890E9E47BDD}.Release|Any CPU.Build.0 = Release|Any CPU
		{93A41F27-128E-477D-8730-9890E9E47BDD}.Release|x64.ActiveCfg = Release|Any CPU
		{93A41F27-128E-477D-8730-9890E9E47BDD}.Release|x64.Build.0 = Release|Any CPU
		{93A41F27-128E-477D-8730-9890E9E47BDD}.Release|x86.ActiveCfg = Release|Any CPU
		{93A41F27-128E-477D-8730-9890E9E47BDD}.Release|x86.Build.0 = Release|Any CPU
		{93A41F27-128E-477D-8730-9890E9E47BDD}.ReleaseLinux|Any CPU.ActiveCfg = Release|Any CPU
		{93A41F27-128E-477D-8730-9890E9E47BDD}.ReleaseLinux|Any CPU.Build.0 = Release|Any CPU
		{93A41F27-128E-477D-8730-9890E9E47BDD}.ReleaseLinux|x64.ActiveCfg = Release|Any CPU
		{93A41F27-128E-477D-8730-9890E9E47BDD}.ReleaseLinux|x64.Build.0 = Release|Any CPU
		{93A41F27-128E-477D-8730-9890E9E47BDD}.ReleaseLinux|x86.ActiveCfg = Release|Any CPU
		{93A41F27-128E-477D-8730-9890E9E47BDD}.ReleaseLinux|x86.Build.0 = Release|Any CPU
		{93A41F27-128E-477D-8730-9890E9E47BDD}.ReleaseWindows|Any CPU.ActiveCfg = Release|Any CPU
		{93A41F27-128E-477D-8730-9890E9E47BDD}.ReleaseWindows|Any CPU.Build.0 = Release|Any CPU
		{93A41F27-128E-477D-8730-9890E9E47BDD}.ReleaseWindows|x64.ActiveCfg = Release|Any CPU
		{93A41F27-128E-477D-8730-9890E9E47BDD}.ReleaseWindows|x64.Build.0 = Release|Any CPU
		{93A41F27-128E-477D-8730-9890E9E47BDD}.ReleaseWindows|x86.ActiveCfg = Release|Any CPU
		{93A41F27-128E-477D-8730-9890E9E47BDD}.ReleaseWindows|x86.Build.0 = Release|Any CPU
		{FB782E67-C1C0-4230-9BC7-131782757651}.Debug|Any CPU.ActiveCfg = Debug|Any CPU
		{FB782E67-C1C0-4230-9BC7-131782757651}.Debug|Any CPU.Build.0 = Debug|Any CPU
		{FB782E67-C1C0-4230-9BC7-131782757651}.Debug|x64.ActiveCfg = Debug|Any CPU
		{FB782E67-C1C0-4230-9BC7-131782757651}.Debug|x64.Build.0 = Debug|Any CPU
		{FB782E67-C1C0-4230-9BC7-131782757651}.Debug|x86.ActiveCfg = Debug|Any CPU
		{FB782E67-C1C0-4230-9BC7-131782757651}.Debug|x86.Build.0 = Debug|Any CPU
		{FB782E67-C1C0-4230-9BC7-131782757651}.DebugLinux|Any CPU.ActiveCfg = Debug|Any CPU
		{FB782E67-C1C0-4230-9BC7-131782757651}.DebugLinux|Any CPU.Build.0 = Debug|Any CPU
		{FB782E67-C1C0-4230-9BC7-131782757651}.DebugLinux|x64.ActiveCfg = Debug|Any CPU
		{FB782E67-C1C0-4230-9BC7-131782757651}.DebugLinux|x64.Build.0 = Debug|Any CPU
		{FB782E67-C1C0-4230-9BC7-131782757651}.DebugLinux|x86.ActiveCfg = Debug|Any CPU
		{FB782E67-C1C0-4230-9BC7-131782757651}.DebugLinux|x86.Build.0 = Debug|Any CPU
		{FB782E67-C1C0-4230-9BC7-131782757651}.DebugWindows|Any CPU.ActiveCfg = Debug|Any CPU
		{FB782E67-C1C0-4230-9BC7-131782757651}.DebugWindows|Any CPU.Build.0 = Debug|Any CPU
		{FB782E67-C1C0-4230-9BC7-131782757651}.DebugWindows|x64.ActiveCfg = Debug|Any CPU
		{FB782E67-C1C0-4230-9BC7-131782757651}.DebugWindows|x64.Build.0 = Debug|Any CPU
		{FB782E67-C1C0-4230-9BC7-131782757651}.DebugWindows|x86.ActiveCfg = Debug|Any CPU
		{FB782E67-C1C0-4230-9BC7-131782757651}.DebugWindows|x86.Build.0 = Debug|Any CPU
		{FB782E67-C1C0-4230-9BC7-131782757651}.Release|Any CPU.ActiveCfg = Release|Any CPU
		{FB782E67-C1C0-4230-9BC7-131782757651}.Release|Any CPU.Build.0 = Release|Any CPU
		{FB782E67-C1C0-4230-9BC7-131782757651}.Release|x64.ActiveCfg = Release|Any CPU
		{FB782E67-C1C0-4230-9BC7-131782757651}.Release|x64.Build.0 = Release|Any CPU
		{FB782E67-C1C0-4230-9BC7-131782757651}.Release|x86.ActiveCfg = Release|Any CPU
		{FB782E67-C1C0-4230-9BC7-131782757651}.Release|x86.Build.0 = Release|Any CPU
		{FB782E67-C1C0-4230-9BC7-131782757651}.ReleaseLinux|Any CPU.ActiveCfg = Release|Any CPU
		{FB782E67-C1C0-4230-9BC7-131782757651}.ReleaseLinux|Any CPU.Build.0 = Release|Any CPU
		{FB782E67-C1C0-4230-9BC7-131782757651}.ReleaseLinux|x64.ActiveCfg = Release|Any CPU
		{FB782E67-C1C0-4230-9BC7-131782757651}.ReleaseLinux|x64.Build.0 = Release|Any CPU
		{FB782E67-C1C0-4230-9BC7-131782757651}.ReleaseLinux|x86.ActiveCfg = Release|Any CPU
		{FB782E67-C1C0-4230-9BC7-131782757651}.ReleaseLinux|x86.Build.0 = Release|Any CPU
		{FB782E67-C1C0-4230-9BC7-131782757651}.ReleaseWindows|Any CPU.ActiveCfg = Release|Any CPU
		{FB782E67-C1C0-4230-9BC7-131782757651}.ReleaseWindows|Any CPU.Build.0 = Release|Any CPU
		{FB782E67-C1C0-4230-9BC7-131782757651}.ReleaseWindows|x64.ActiveCfg = Release|Any CPU
		{FB782E67-C1C0-4230-9BC7-131782757651}.ReleaseWindows|x64.Build.0 = Release|Any CPU
		{FB782E67-C1C0-4230-9BC7-131782757651}.ReleaseWindows|x86.ActiveCfg = Release|Any CPU
		{FB782E67-C1C0-4230-9BC7-131782757651}.ReleaseWindows|x86.Build.0 = Release|Any CPU
		{A9B33BF4-9B03-4E3D-BF6A-181521046EE8}.Debug|Any CPU.ActiveCfg = Debug|Any CPU
		{A9B33BF4-9B03-4E3D-BF6A-181521046EE8}.Debug|Any CPU.Build.0 = Debug|Any CPU
		{A9B33BF4-9B03-4E3D-BF6A-181521046EE8}.Debug|x64.ActiveCfg = Debug|Any CPU
		{A9B33BF4-9B03-4E3D-BF6A-181521046EE8}.Debug|x64.Build.0 = Debug|Any CPU
		{A9B33BF4-9B03-4E3D-BF6A-181521046EE8}.Debug|x86.ActiveCfg = Debug|Any CPU
		{A9B33BF4-9B03-4E3D-BF6A-181521046EE8}.Debug|x86.Build.0 = Debug|Any CPU
		{A9B33BF4-9B03-4E3D-BF6A-181521046EE8}.DebugLinux|Any CPU.ActiveCfg = Debug|Any CPU
		{A9B33BF4-9B03-4E3D-BF6A-181521046EE8}.DebugLinux|Any CPU.Build.0 = Debug|Any CPU
		{A9B33BF4-9B03-4E3D-BF6A-181521046EE8}.DebugLinux|x64.ActiveCfg = Debug|Any CPU
		{A9B33BF4-9B03-4E3D-BF6A-181521046EE8}.DebugLinux|x64.Build.0 = Debug|Any CPU
		{A9B33BF4-9B03-4E3D-BF6A-181521046EE8}.DebugLinux|x86.ActiveCfg = Debug|Any CPU
		{A9B33BF4-9B03-4E3D-BF6A-181521046EE8}.DebugLinux|x86.Build.0 = Debug|Any CPU
		{A9B33BF4-9B03-4E3D-BF6A-181521046EE8}.DebugWindows|Any CPU.ActiveCfg = Debug|Any CPU
		{A9B33BF4-9B03-4E3D-BF6A-181521046EE8}.DebugWindows|Any CPU.Build.0 = Debug|Any CPU
		{A9B33BF4-9B03-4E3D-BF6A-181521046EE8}.DebugWindows|x64.ActiveCfg = Debug|Any CPU
		{A9B33BF4-9B03-4E3D-BF6A-181521046EE8}.DebugWindows|x64.Build.0 = Debug|Any CPU
		{A9B33BF4-9B03-4E3D-BF6A-181521046EE8}.DebugWindows|x86.ActiveCfg = Debug|Any CPU
		{A9B33BF4-9B03-4E3D-BF6A-181521046EE8}.DebugWindows|x86.Build.0 = Debug|Any CPU
		{A9B33BF4-9B03-4E3D-BF6A-181521046EE8}.Release|Any CPU.ActiveCfg = Release|Any CPU
		{A9B33BF4-9B03-4E3D-BF6A-181521046EE8}.Release|Any CPU.Build.0 = Release|Any CPU
		{A9B33BF4-9B03-4E3D-BF6A-181521046EE8}.Release|x64.ActiveCfg = Release|Any CPU
		{A9B33BF4-9B03-4E3D-BF6A-181521046EE8}.Release|x64.Build.0 = Release|Any CPU
		{A9B33BF4-9B03-4E3D-BF6A-181521046EE8}.Release|x86.ActiveCfg = Release|Any CPU
		{A9B33BF4-9B03-4E3D-BF6A-181521046EE8}.Release|x86.Build.0 = Release|Any CPU
		{A9B33BF4-9B03-4E3D-BF6A-181521046EE8}.ReleaseLinux|Any CPU.ActiveCfg = Release|Any CPU
		{A9B33BF4-9B03-4E3D-BF6A-181521046EE8}.ReleaseLinux|Any CPU.Build.0 = Release|Any CPU
		{A9B33BF4-9B03-4E3D-BF6A-181521046EE8}.ReleaseLinux|x64.ActiveCfg = Release|Any CPU
		{A9B33BF4-9B03-4E3D-BF6A-181521046EE8}.ReleaseLinux|x64.Build.0 = Release|Any CPU
		{A9B33BF4-9B03-4E3D-BF6A-181521046EE8}.ReleaseLinux|x86.ActiveCfg = Release|Any CPU
		{A9B33BF4-9B03-4E3D-BF6A-181521046EE8}.ReleaseLinux|x86.Build.0 = Release|Any CPU
		{A9B33BF4-9B03-4E3D-BF6A-181521046EE8}.ReleaseWindows|Any CPU.ActiveCfg = Release|Any CPU
		{A9B33BF4-9B03-4E3D-BF6A-181521046EE8}.ReleaseWindows|Any CPU.Build.0 = Release|Any CPU
		{A9B33BF4-9B03-4E3D-BF6A-181521046EE8}.ReleaseWindows|x64.ActiveCfg = Release|Any CPU
		{A9B33BF4-9B03-4E3D-BF6A-181521046EE8}.ReleaseWindows|x64.Build.0 = Release|Any CPU
		{A9B33BF4-9B03-4E3D-BF6A-181521046EE8}.ReleaseWindows|x86.ActiveCfg = Release|Any CPU
		{A9B33BF4-9B03-4E3D-BF6A-181521046EE8}.ReleaseWindows|x86.Build.0 = Release|Any CPU
		{367554A1-C938-4120-BB24-54175FB0DF22}.Debug|Any CPU.ActiveCfg = Debug|x86
		{367554A1-C938-4120-BB24-54175FB0DF22}.Debug|x64.ActiveCfg = Debug|x64
		{367554A1-C938-4120-BB24-54175FB0DF22}.Debug|x64.Build.0 = Debug|x64
		{367554A1-C938-4120-BB24-54175FB0DF22}.Debug|x86.ActiveCfg = Debug|x86
		{367554A1-C938-4120-BB24-54175FB0DF22}.Debug|x86.Build.0 = Debug|x86
		{367554A1-C938-4120-BB24-54175FB0DF22}.DebugLinux|Any CPU.ActiveCfg = Release|x64
		{367554A1-C938-4120-BB24-54175FB0DF22}.DebugLinux|Any CPU.Build.0 = Release|x64
		{367554A1-C938-4120-BB24-54175FB0DF22}.DebugLinux|x64.ActiveCfg = Debug|x64
		{367554A1-C938-4120-BB24-54175FB0DF22}.DebugLinux|x64.Build.0 = Debug|x64
		{367554A1-C938-4120-BB24-54175FB0DF22}.DebugLinux|x86.ActiveCfg = Debug|x86
		{367554A1-C938-4120-BB24-54175FB0DF22}.DebugLinux|x86.Build.0 = Debug|x86
		{367554A1-C938-4120-BB24-54175FB0DF22}.DebugWindows|Any CPU.ActiveCfg = Release|x64
		{367554A1-C938-4120-BB24-54175FB0DF22}.DebugWindows|Any CPU.Build.0 = Release|x64
		{367554A1-C938-4120-BB24-54175FB0DF22}.DebugWindows|x64.ActiveCfg = Debug|x64
		{367554A1-C938-4120-BB24-54175FB0DF22}.DebugWindows|x64.Build.0 = Debug|x64
		{367554A1-C938-4120-BB24-54175FB0DF22}.DebugWindows|x86.ActiveCfg = Debug|x86
		{367554A1-C938-4120-BB24-54175FB0DF22}.DebugWindows|x86.Build.0 = Debug|x86
		{367554A1-C938-4120-BB24-54175FB0DF22}.Release|Any CPU.ActiveCfg = Release|x86
		{367554A1-C938-4120-BB24-54175FB0DF22}.Release|x64.ActiveCfg = Release|x64
		{367554A1-C938-4120-BB24-54175FB0DF22}.Release|x64.Build.0 = Release|x64
		{367554A1-C938-4120-BB24-54175FB0DF22}.Release|x86.ActiveCfg = Release|x86
		{367554A1-C938-4120-BB24-54175FB0DF22}.Release|x86.Build.0 = Release|x86
		{367554A1-C938-4120-BB24-54175FB0DF22}.ReleaseLinux|Any CPU.ActiveCfg = Release|x64
		{367554A1-C938-4120-BB24-54175FB0DF22}.ReleaseLinux|Any CPU.Build.0 = Release|x64
		{367554A1-C938-4120-BB24-54175FB0DF22}.ReleaseLinux|x64.ActiveCfg = Release|x64
		{367554A1-C938-4120-BB24-54175FB0DF22}.ReleaseLinux|x64.Build.0 = Release|x64
		{367554A1-C938-4120-BB24-54175FB0DF22}.ReleaseLinux|x86.ActiveCfg = Release|x86
		{367554A1-C938-4120-BB24-54175FB0DF22}.ReleaseLinux|x86.Build.0 = Release|x86
		{367554A1-C938-4120-BB24-54175FB0DF22}.ReleaseWindows|Any CPU.ActiveCfg = Release|x64
		{367554A1-C938-4120-BB24-54175FB0DF22}.ReleaseWindows|Any CPU.Build.0 = Release|x64
		{367554A1-C938-4120-BB24-54175FB0DF22}.ReleaseWindows|x64.ActiveCfg = Release|x64
		{367554A1-C938-4120-BB24-54175FB0DF22}.ReleaseWindows|x64.Build.0 = Release|x64
		{367554A1-C938-4120-BB24-54175FB0DF22}.ReleaseWindows|x86.ActiveCfg = Release|x86
		{367554A1-C938-4120-BB24-54175FB0DF22}.ReleaseWindows|x86.Build.0 = Release|x86
	EndGlobalSection
	GlobalSection(SolutionProperties) = preSolution
		HideSolutionNode = FALSE
	EndGlobalSection
	GlobalSection(ExtensibilityGlobals) = postSolution
		SolutionGuid = {2799A2A4-25AE-4BF3-9F40-46C4F5F9780B}
	EndGlobalSection
EndGlobal
