
Microsoft Visual Studio Solution File, Format Version 12.00
# Visual Studio 15
VisualStudioVersion = 15.0.28307.136
MinimumVisualStudioVersion = 10.0.40219.1
Project("{2150E333-8FDC-42A3-9474-1A3956D46DE8}") = "Solution Items", "Solution Items", "{E7D18589-9CDA-4F6B-AB1B-A7FB7939C3D7}"
	ProjectSection(SolutionItems) = preProject
		.gitignore = .gitignore
		README.md = README.md
	EndProjectSection
EndProject
Project("{FAE04EC0-301F-11D3-BF4B-00C04F79EFBC}") = "Core", "Core\Core.csproj", "{A5408515-75B8-4EEA-8E9F-2C9CD7B56E59}"
EndProject
Project("{FAE04EC0-301F-11D3-BF4B-00C04F79EFBC}") = "Encoding", "Encoding\Encoding.csproj", "{A9B33BF4-9B03-4E3D-BF6A-181521046EE8}"
EndProject
Project("{FAE04EC0-301F-11D3-BF4B-00C04F79EFBC}") = "DirectX", "DirectX\DirectX.csproj", "{367554A1-C938-4120-BB24-54175FB0DF22}"
EndProject
Project("{FAE04EC0-301F-11D3-BF4B-00C04F79EFBC}") = "Testing", "Testing\Testing.csproj", "{FB782E67-C1C0-4230-9BC7-131782757651}"
EndProject
Project("{FAE04EC0-301F-11D3-BF4B-00C04F79EFBC}") = "OpenGL", "OpenGL\OpenGL.csproj", "{93A41F27-128E-477D-8730-9890E9E47BDD}"
EndProject
Project("{FAE04EC0-301F-11D3-BF4B-00C04F79EFBC}") = "Search", "Search\Search.csproj", "{41DD62EB-2257-45C3-94C8-E7EE079BAA41}"
EndProject
Project("{FAE04EC0-301F-11D3-BF4B-00C04F79EFBC}") = "PAK Extractor", "PAK Extractor\PAK Extractor.csproj", "{F56FF8B2-F9BD-45CB-9539-9F169855A72F}"
EndProject
Project("{2150E333-8FDC-42A3-9474-1A3956D46DE8}") = "Tools", "Tools", "{E8E40E2A-FB9B-41E9-88FF-5461A2884FCF}"
EndProject
Project("{FAE04EC0-301F-11D3-BF4B-00C04F79EFBC}") = "Dat Dump", "Dat Dump\Dat Dump.csproj", "{11A0C2FE-BDE7-43D1-A6B2-D1FA99B702B2}"
EndProject
Global
	GlobalSection(SolutionConfigurationPlatforms) = preSolution
		DebugLinux|x64 = DebugLinux|x64
		DebugLinux|x86 = DebugLinux|x86
		DebugWindows|x64 = DebugWindows|x64
		DebugWindows|x86 = DebugWindows|x86
		ReleaseLinux|x64 = ReleaseLinux|x64
		ReleaseLinux|x86 = ReleaseLinux|x86
		ReleaseWindows|x64 = ReleaseWindows|x64
		ReleaseWindows|x86 = ReleaseWindows|x86
	EndGlobalSection
	GlobalSection(ProjectConfigurationPlatforms) = postSolution
		{A5408515-75B8-4EEA-8E9F-2C9CD7B56E59}.DebugLinux|x64.ActiveCfg = DebugLinux|x64
		{A5408515-75B8-4EEA-8E9F-2C9CD7B56E59}.DebugLinux|x64.Build.0 = DebugLinux|x64
		{A5408515-75B8-4EEA-8E9F-2C9CD7B56E59}.DebugLinux|x86.ActiveCfg = DebugLinux|x86
		{A5408515-75B8-4EEA-8E9F-2C9CD7B56E59}.DebugLinux|x86.Build.0 = DebugLinux|x86
		{A5408515-75B8-4EEA-8E9F-2C9CD7B56E59}.DebugWindows|x64.ActiveCfg = DebugWindows|x64
		{A5408515-75B8-4EEA-8E9F-2C9CD7B56E59}.DebugWindows|x64.Build.0 = DebugWindows|x64
		{A5408515-75B8-4EEA-8E9F-2C9CD7B56E59}.DebugWindows|x86.ActiveCfg = DebugWindows|x86
		{A5408515-75B8-4EEA-8E9F-2C9CD7B56E59}.DebugWindows|x86.Build.0 = DebugWindows|x86
		{A5408515-75B8-4EEA-8E9F-2C9CD7B56E59}.ReleaseLinux|x64.ActiveCfg = ReleaseLinux|x64
		{A5408515-75B8-4EEA-8E9F-2C9CD7B56E59}.ReleaseLinux|x64.Build.0 = ReleaseLinux|x64
		{A5408515-75B8-4EEA-8E9F-2C9CD7B56E59}.ReleaseLinux|x86.ActiveCfg = ReleaseLinux|x86
		{A5408515-75B8-4EEA-8E9F-2C9CD7B56E59}.ReleaseLinux|x86.Build.0 = ReleaseLinux|x86
		{A5408515-75B8-4EEA-8E9F-2C9CD7B56E59}.ReleaseWindows|x64.ActiveCfg = ReleaseWindows|x64
		{A5408515-75B8-4EEA-8E9F-2C9CD7B56E59}.ReleaseWindows|x64.Build.0 = ReleaseWindows|x64
		{A5408515-75B8-4EEA-8E9F-2C9CD7B56E59}.ReleaseWindows|x86.ActiveCfg = ReleaseWindows|x86
		{A5408515-75B8-4EEA-8E9F-2C9CD7B56E59}.ReleaseWindows|x86.Build.0 = ReleaseWindows|x86
		{A9B33BF4-9B03-4E3D-BF6A-181521046EE8}.DebugLinux|x64.ActiveCfg = ReleaseLinux|x64
		{A9B33BF4-9B03-4E3D-BF6A-181521046EE8}.DebugLinux|x64.Build.0 = ReleaseLinux|x64
		{A9B33BF4-9B03-4E3D-BF6A-181521046EE8}.DebugLinux|x86.ActiveCfg = DebugLinux|x86
		{A9B33BF4-9B03-4E3D-BF6A-181521046EE8}.DebugLinux|x86.Build.0 = DebugLinux|x86
		{A9B33BF4-9B03-4E3D-BF6A-181521046EE8}.DebugWindows|x64.ActiveCfg = DebugWindows|x64
		{A9B33BF4-9B03-4E3D-BF6A-181521046EE8}.DebugWindows|x64.Build.0 = DebugWindows|x64
		{A9B33BF4-9B03-4E3D-BF6A-181521046EE8}.DebugWindows|x86.ActiveCfg = DebugWindows|x86
		{A9B33BF4-9B03-4E3D-BF6A-181521046EE8}.DebugWindows|x86.Build.0 = DebugWindows|x86
		{A9B33BF4-9B03-4E3D-BF6A-181521046EE8}.ReleaseLinux|x64.ActiveCfg = ReleaseLinux|x64
		{A9B33BF4-9B03-4E3D-BF6A-181521046EE8}.ReleaseLinux|x64.Build.0 = ReleaseLinux|x64
		{A9B33BF4-9B03-4E3D-BF6A-181521046EE8}.ReleaseLinux|x86.ActiveCfg = ReleaseLinux|x86
		{A9B33BF4-9B03-4E3D-BF6A-181521046EE8}.ReleaseLinux|x86.Build.0 = ReleaseLinux|x86
		{A9B33BF4-9B03-4E3D-BF6A-181521046EE8}.ReleaseWindows|x64.ActiveCfg = ReleaseWindows|x64
		{A9B33BF4-9B03-4E3D-BF6A-181521046EE8}.ReleaseWindows|x64.Build.0 = ReleaseWindows|x64
		{A9B33BF4-9B03-4E3D-BF6A-181521046EE8}.ReleaseWindows|x86.ActiveCfg = ReleaseWindows|x86
		{A9B33BF4-9B03-4E3D-BF6A-181521046EE8}.ReleaseWindows|x86.Build.0 = ReleaseWindows|x86
		{367554A1-C938-4120-BB24-54175FB0DF22}.DebugLinux|x64.ActiveCfg = DebugWindows|x64
		{367554A1-C938-4120-BB24-54175FB0DF22}.DebugLinux|x86.ActiveCfg = DebugWindows|x86
		{367554A1-C938-4120-BB24-54175FB0DF22}.DebugLinux|x86.Build.0 = DebugWindows|x86
		{367554A1-C938-4120-BB24-54175FB0DF22}.DebugWindows|x64.ActiveCfg = DebugWindows|x64
		{367554A1-C938-4120-BB24-54175FB0DF22}.DebugWindows|x64.Build.0 = DebugWindows|x64
		{367554A1-C938-4120-BB24-54175FB0DF22}.DebugWindows|x86.ActiveCfg = DebugWindows|x86
		{367554A1-C938-4120-BB24-54175FB0DF22}.DebugWindows|x86.Build.0 = DebugWindows|x86
		{367554A1-C938-4120-BB24-54175FB0DF22}.ReleaseLinux|x64.ActiveCfg = ReleaseWindows|x64
		{367554A1-C938-4120-BB24-54175FB0DF22}.ReleaseLinux|x86.ActiveCfg = ReleaseWindows|x86
		{367554A1-C938-4120-BB24-54175FB0DF22}.ReleaseLinux|x86.Build.0 = ReleaseWindows|x86
		{367554A1-C938-4120-BB24-54175FB0DF22}.ReleaseWindows|x64.ActiveCfg = ReleaseWindows|x64
		{367554A1-C938-4120-BB24-54175FB0DF22}.ReleaseWindows|x64.Build.0 = ReleaseWindows|x64
		{367554A1-C938-4120-BB24-54175FB0DF22}.ReleaseWindows|x86.ActiveCfg = ReleaseWindows|x86
		{367554A1-C938-4120-BB24-54175FB0DF22}.ReleaseWindows|x86.Build.0 = ReleaseWindows|x86
		{FB782E67-C1C0-4230-9BC7-131782757651}.DebugLinux|x64.ActiveCfg = Debug|x64
		{FB782E67-C1C0-4230-9BC7-131782757651}.DebugLinux|x64.Build.0 = Debug|x64
		{FB782E67-C1C0-4230-9BC7-131782757651}.DebugLinux|x86.ActiveCfg = Debug|x86
		{FB782E67-C1C0-4230-9BC7-131782757651}.DebugLinux|x86.Build.0 = Debug|x86
		{FB782E67-C1C0-4230-9BC7-131782757651}.DebugWindows|x64.ActiveCfg = Debug|x64
		{FB782E67-C1C0-4230-9BC7-131782757651}.DebugWindows|x64.Build.0 = Debug|x64
		{FB782E67-C1C0-4230-9BC7-131782757651}.DebugWindows|x86.ActiveCfg = Debug|x86
		{FB782E67-C1C0-4230-9BC7-131782757651}.DebugWindows|x86.Build.0 = Debug|x86
		{FB782E67-C1C0-4230-9BC7-131782757651}.ReleaseLinux|x64.ActiveCfg = Debug|x64
		{FB782E67-C1C0-4230-9BC7-131782757651}.ReleaseLinux|x86.ActiveCfg = Debug|x86
		{FB782E67-C1C0-4230-9BC7-131782757651}.ReleaseLinux|x86.Build.0 = Debug|x86
		{FB782E67-C1C0-4230-9BC7-131782757651}.ReleaseWindows|x64.ActiveCfg = Debug|x64
		{FB782E67-C1C0-4230-9BC7-131782757651}.ReleaseWindows|x86.ActiveCfg = Debug|x86
		{FB782E67-C1C0-4230-9BC7-131782757651}.ReleaseWindows|x86.Build.0 = Debug|x86
		{93A41F27-128E-477D-8730-9890E9E47BDD}.DebugLinux|x64.ActiveCfg = DebugLinux|x64
		{93A41F27-128E-477D-8730-9890E9E47BDD}.DebugLinux|x64.Build.0 = DebugLinux|x64
		{93A41F27-128E-477D-8730-9890E9E47BDD}.DebugLinux|x86.ActiveCfg = DebugLinux|x86
		{93A41F27-128E-477D-8730-9890E9E47BDD}.DebugLinux|x86.Build.0 = DebugLinux|x86
		{93A41F27-128E-477D-8730-9890E9E47BDD}.DebugWindows|x64.ActiveCfg = DebugWindows|x64
		{93A41F27-128E-477D-8730-9890E9E47BDD}.DebugWindows|x64.Build.0 = DebugWindows|x64
		{93A41F27-128E-477D-8730-9890E9E47BDD}.DebugWindows|x86.ActiveCfg = DebugWindows|x86
		{93A41F27-128E-477D-8730-9890E9E47BDD}.DebugWindows|x86.Build.0 = DebugWindows|x86
		{93A41F27-128E-477D-8730-9890E9E47BDD}.ReleaseLinux|x64.ActiveCfg = ReleaseLinux|x64
		{93A41F27-128E-477D-8730-9890E9E47BDD}.ReleaseLinux|x64.Build.0 = ReleaseLinux|x64
		{93A41F27-128E-477D-8730-9890E9E47BDD}.ReleaseLinux|x86.ActiveCfg = ReleaseLinux|x86
		{93A41F27-128E-477D-8730-9890E9E47BDD}.ReleaseLinux|x86.Build.0 = ReleaseLinux|x86
		{93A41F27-128E-477D-8730-9890E9E47BDD}.ReleaseWindows|x64.ActiveCfg = ReleaseWindows|x64
		{93A41F27-128E-477D-8730-9890E9E47BDD}.ReleaseWindows|x64.Build.0 = ReleaseWindows|x64
		{93A41F27-128E-477D-8730-9890E9E47BDD}.ReleaseWindows|x86.ActiveCfg = ReleaseWindows|x86
		{93A41F27-128E-477D-8730-9890E9E47BDD}.ReleaseWindows|x86.Build.0 = ReleaseWindows|x86
		{41DD62EB-2257-45C3-94C8-E7EE079BAA41}.DebugLinux|x64.ActiveCfg = Debug|x64
		{41DD62EB-2257-45C3-94C8-E7EE079BAA41}.DebugLinux|x64.Build.0 = Debug|x64
		{41DD62EB-2257-45C3-94C8-E7EE079BAA41}.DebugLinux|x86.ActiveCfg = Debug|x86
		{41DD62EB-2257-45C3-94C8-E7EE079BAA41}.DebugLinux|x86.Build.0 = Debug|x86
		{41DD62EB-2257-45C3-94C8-E7EE079BAA41}.DebugWindows|x64.ActiveCfg = Debug|x64
		{41DD62EB-2257-45C3-94C8-E7EE079BAA41}.DebugWindows|x64.Build.0 = Debug|x64
		{41DD62EB-2257-45C3-94C8-E7EE079BAA41}.DebugWindows|x86.ActiveCfg = Debug|x86
		{41DD62EB-2257-45C3-94C8-E7EE079BAA41}.DebugWindows|x86.Build.0 = Debug|x86
		{41DD62EB-2257-45C3-94C8-E7EE079BAA41}.ReleaseLinux|x64.ActiveCfg = Release|x64
		{41DD62EB-2257-45C3-94C8-E7EE079BAA41}.ReleaseLinux|x64.Build.0 = Release|x64
		{41DD62EB-2257-45C3-94C8-E7EE079BAA41}.ReleaseLinux|x86.ActiveCfg = Release|x86
		{41DD62EB-2257-45C3-94C8-E7EE079BAA41}.ReleaseLinux|x86.Build.0 = Release|x86
		{41DD62EB-2257-45C3-94C8-E7EE079BAA41}.ReleaseWindows|x64.ActiveCfg = Release|x64
		{41DD62EB-2257-45C3-94C8-E7EE079BAA41}.ReleaseWindows|x64.Build.0 = Release|x64
		{41DD62EB-2257-45C3-94C8-E7EE079BAA41}.ReleaseWindows|x86.ActiveCfg = Release|x86
		{41DD62EB-2257-45C3-94C8-E7EE079BAA41}.ReleaseWindows|x86.Build.0 = Release|x86
		{F56FF8B2-F9BD-45CB-9539-9F169855A72F}.DebugLinux|x64.ActiveCfg = Debug|x64
		{F56FF8B2-F9BD-45CB-9539-9F169855A72F}.DebugLinux|x64.Build.0 = Debug|x64
		{F56FF8B2-F9BD-45CB-9539-9F169855A72F}.DebugLinux|x86.ActiveCfg = Debug|x86
		{F56FF8B2-F9BD-45CB-9539-9F169855A72F}.DebugLinux|x86.Build.0 = Debug|x86
		{F56FF8B2-F9BD-45CB-9539-9F169855A72F}.DebugWindows|x64.ActiveCfg = Debug|x64
		{F56FF8B2-F9BD-45CB-9539-9F169855A72F}.DebugWindows|x64.Build.0 = Debug|x64
		{F56FF8B2-F9BD-45CB-9539-9F169855A72F}.DebugWindows|x86.ActiveCfg = Debug|x86
		{F56FF8B2-F9BD-45CB-9539-9F169855A72F}.DebugWindows|x86.Build.0 = Debug|x86
		{F56FF8B2-F9BD-45CB-9539-9F169855A72F}.ReleaseLinux|x64.ActiveCfg = Release|x64
		{F56FF8B2-F9BD-45CB-9539-9F169855A72F}.ReleaseLinux|x64.Build.0 = Release|x64
		{F56FF8B2-F9BD-45CB-9539-9F169855A72F}.ReleaseLinux|x86.ActiveCfg = Release|x86
		{F56FF8B2-F9BD-45CB-9539-9F169855A72F}.ReleaseLinux|x86.Build.0 = Release|x86
		{F56FF8B2-F9BD-45CB-9539-9F169855A72F}.ReleaseWindows|x64.ActiveCfg = Release|x64
		{F56FF8B2-F9BD-45CB-9539-9F169855A72F}.ReleaseWindows|x64.Build.0 = Release|x64
		{F56FF8B2-F9BD-45CB-9539-9F169855A72F}.ReleaseWindows|x86.ActiveCfg = Release|x86
		{F56FF8B2-F9BD-45CB-9539-9F169855A72F}.ReleaseWindows|x86.Build.0 = Release|x86
		{11A0C2FE-BDE7-43D1-A6B2-D1FA99B702B2}.DebugLinux|x64.ActiveCfg = Debug|x64
		{11A0C2FE-BDE7-43D1-A6B2-D1FA99B702B2}.DebugLinux|x64.Build.0 = Debug|x64
		{11A0C2FE-BDE7-43D1-A6B2-D1FA99B702B2}.DebugLinux|x86.ActiveCfg = Debug|x86
		{11A0C2FE-BDE7-43D1-A6B2-D1FA99B702B2}.DebugLinux|x86.Build.0 = Debug|x86
		{11A0C2FE-BDE7-43D1-A6B2-D1FA99B702B2}.DebugWindows|x64.ActiveCfg = Debug|x64
		{11A0C2FE-BDE7-43D1-A6B2-D1FA99B702B2}.DebugWindows|x64.Build.0 = Debug|x64
		{11A0C2FE-BDE7-43D1-A6B2-D1FA99B702B2}.DebugWindows|x86.ActiveCfg = Debug|x86
		{11A0C2FE-BDE7-43D1-A6B2-D1FA99B702B2}.DebugWindows|x86.Build.0 = Debug|x86
		{11A0C2FE-BDE7-43D1-A6B2-D1FA99B702B2}.ReleaseLinux|x64.ActiveCfg = Release|x64
		{11A0C2FE-BDE7-43D1-A6B2-D1FA99B702B2}.ReleaseLinux|x64.Build.0 = Release|x64
		{11A0C2FE-BDE7-43D1-A6B2-D1FA99B702B2}.ReleaseLinux|x86.ActiveCfg = Release|x86
		{11A0C2FE-BDE7-43D1-A6B2-D1FA99B702B2}.ReleaseLinux|x86.Build.0 = Release|x86
		{11A0C2FE-BDE7-43D1-A6B2-D1FA99B702B2}.ReleaseWindows|x64.ActiveCfg = Release|x64
		{11A0C2FE-BDE7-43D1-A6B2-D1FA99B702B2}.ReleaseWindows|x64.Build.0 = Release|x64
		{11A0C2FE-BDE7-43D1-A6B2-D1FA99B702B2}.ReleaseWindows|x86.ActiveCfg = Release|x86
		{11A0C2FE-BDE7-43D1-A6B2-D1FA99B702B2}.ReleaseWindows|x86.Build.0 = Release|x86
	EndGlobalSection
	GlobalSection(SolutionProperties) = preSolution
		HideSolutionNode = FALSE
	EndGlobalSection
	GlobalSection(NestedProjects) = preSolution
		{FB782E67-C1C0-4230-9BC7-131782757651} = {E8E40E2A-FB9B-41E9-88FF-5461A2884FCF}
		{41DD62EB-2257-45C3-94C8-E7EE079BAA41} = {E8E40E2A-FB9B-41E9-88FF-5461A2884FCF}
		{F56FF8B2-F9BD-45CB-9539-9F169855A72F} = {E8E40E2A-FB9B-41E9-88FF-5461A2884FCF}
		{11A0C2FE-BDE7-43D1-A6B2-D1FA99B702B2} = {E8E40E2A-FB9B-41E9-88FF-5461A2884FCF}
	EndGlobalSection
	GlobalSection(ExtensibilityGlobals) = postSolution
		SolutionGuid = {2799A2A4-25AE-4BF3-9F40-46C4F5F9780B}
	EndGlobalSection
EndGlobal
