
Microsoft Visual Studio Solution File, Format Version 12.00
# Visual Studio 15
VisualStudioVersion = 15.0.28307.572
MinimumVisualStudioVersion = 10.0.40219.1
Project("{FAE04EC0-301F-11D3-BF4B-00C04F79EFBC}") = "zzzDeArchive", "zzzDeArchive\zzzDeArchive.csproj", "{D19BC5A5-D15E-46BB-94FB-7C4BE196D275}"
EndProject
Global
	GlobalSection(SolutionConfigurationPlatforms) = preSolution
		Debug|Any CPU = Debug|Any CPU
		Release|Any CPU = Release|Any CPU
	EndGlobalSection
	GlobalSection(ProjectConfigurationPlatforms) = postSolution
		{D19BC5A5-D15E-46BB-94FB-7C4BE196D275}.Debug|Any CPU.ActiveCfg = Debug|Any CPU
		{D19BC5A5-D15E-46BB-94FB-7C4BE196D275}.Debug|Any CPU.Build.0 = Debug|Any CPU
		{D19BC5A5-D15E-46BB-94FB-7C4BE196D275}.Release|Any CPU.ActiveCfg = Release|Any CPU
		{D19BC5A5-D15E-46BB-94FB-7C4BE196D275}.Release|Any CPU.Build.0 = Release|Any CPU
	EndGlobalSection
	GlobalSection(SolutionProperties) = preSolution
		HideSolutionNode = FALSE
	EndGlobalSection
	GlobalSection(ExtensibilityGlobals) = postSolution
		SolutionGuid = {7ADF3250-E9F7-4C09-BDDF-7825D33440D3}
	EndGlobalSection
EndGlobal
